dependencies:
- name: postgresql
  repository: https://charts.bitnami.com/bitnami/
  version: 9.8.11
- name: mercure
  repository: https://charts.helm.sh/stable/
  version: 4.0.1
- name: blackfire
  repository: https://ribeiroplinio.github.io/helm-chart/
  version: 0.3.0
- name: external-dns
  repository: https://charts.bitnami.com/bitnami/
  version: 3.4.9
digest: sha256:aed7390f27df4e48014e99f3e5a7bca888bf9ef8148d8ac9b86ee962352d93e9
generated: "2020-11-10T12:51:43.686828+01:00"
