dependencies:
- name: postgresql
  repository: https://charts.bitnami.com/bitnami/
  version: 9.8.4
- name: mercure
  repository: https://kubernetes-charts.storage.googleapis.com/
  version: 4.0.1
- name: blackfire
  repository: https://ribeiroplinio.github.io/helm-chart/
  version: 0.3.0
- name: external-dns
  repository: https://charts.bitnami.com/bitnami/
  version: 3.4.9
digest: sha256:42fa86f8ead631d56f45318cf1040a3f7fc8d40aed3d2fb1d99318894f03b01a
generated: "2020-10-21T11:44:41.714358373+02:00"
